{
  "name": "cyia-ngx-form",
  "version": "1.0.10",
  "lockfileVersion": 1,
  "requires": true,
  "dependencies": {
    "cyia-ngx-common": {
      "version": "1.1.6",
      "resolved": "https://registry.npmjs.org/cyia-ngx-common/-/cyia-ngx-common-1.1.6.tgz",
      "integrity": "sha512-hqucBHYoHoavZPMdGYwcv7m/5fC0qjcE4XPthr1jYbnklLZ+5lztjxXZo09g9TXNKzC72GE+QRnq9XBNPj7PQA=="
    }
  }
}
